
Microsoft Visual Studio Solution File, Format Version 12.00
# Visual Studio Version 17
VisualStudioVersion = 17.1.32210.238
MinimumVisualStudioVersion = 10.0.40219.1
Project("{9A19103F-16F7-4668-BE54-9A1E7A4F7556}") = "EntityFramework_App01", "EntityFramework_App01\EntityFramework_App01.csproj", "{4702D8D3-5490-4285-9B66-01773B8BF142}"
EndProject
Project("{FAE04EC0-301F-11D3-BF4B-00C04F79EFBC}") = "Student_Performance", "Student_Performance\Student_Performance.csproj", "{396C60E2-90DF-487E-B133-C44B85313B24}"
EndProject
Global
	GlobalSection(SolutionConfigurationPlatforms) = preSolution
		Debug|Any CPU = Debug|Any CPU
		Release|Any CPU = Release|Any CPU
	EndGlobalSection
	GlobalSection(ProjectConfigurationPlatforms) = postSolution
		{4702D8D3-5490-4285-9B66-01773B8BF142}.Debug|Any CPU.ActiveCfg = Debug|Any CPU
		{4702D8D3-5490-4285-9B66-01773B8BF142}.Debug|Any CPU.Build.0 = Debug|Any CPU
		{4702D8D3-5490-4285-9B66-01773B8BF142}.Release|Any CPU.ActiveCfg = Release|Any CPU
		{4702D8D3-5490-4285-9B66-01773B8BF142}.Release|Any CPU.Build.0 = Release|Any CPU
		{396C60E2-90DF-487E-B133-C44B85313B24}.Debug|Any CPU.ActiveCfg = Debug|Any CPU
		{396C60E2-90DF-487E-B133-C44B85313B24}.Debug|Any CPU.Build.0 = Debug|Any CPU
		{396C60E2-90DF-487E-B133-C44B85313B24}.Release|Any CPU.ActiveCfg = Release|Any CPU
		{396C60E2-90DF-487E-B133-C44B85313B24}.Release|Any CPU.Build.0 = Release|Any CPU
	EndGlobalSection
	GlobalSection(SolutionProperties) = preSolution
		HideSolutionNode = FALSE
	EndGlobalSection
	GlobalSection(ExtensibilityGlobals) = postSolution
		SolutionGuid = {D2796BC5-2785-473D-A3B0-54259E68F862}
	EndGlobalSection
EndGlobal
